
Microsoft Visual Studio Solution File, Format Version 11.00
# Visual Studio 2010
Project("{FAE04EC0-301F-11D3-BF4B-00C04F79EFBC}") = "PartyInvites", "PartyInvites\PartyInvites.csproj", "{D1504F9B-E3D3-4DF2-B532-150DD042EC9B}"
EndProject
Project("{2150E333-8FDC-42A3-9474-1A3956D46DE8}") = "02장 ASP.NET MVC 응용프로그램 도전", "02장 ASP.NET MVC 응용프로그램 도전", "{39E68E1D-7560-42B6-87CF-A3D5B38EE475}"
EndProject
Global
	GlobalSection(SolutionConfigurationPlatforms) = preSolution
		Debug|Any CPU = Debug|Any CPU
		Release|Any CPU = Release|Any CPU
	EndGlobalSection
	GlobalSection(ProjectConfigurationPlatforms) = postSolution
		{D1504F9B-E3D3-4DF2-B532-150DD042EC9B}.Debug|Any CPU.ActiveCfg = Debug|Any CPU
		{D1504F9B-E3D3-4DF2-B532-150DD042EC9B}.Debug|Any CPU.Build.0 = Debug|Any CPU
		{D1504F9B-E3D3-4DF2-B532-150DD042EC9B}.Release|Any CPU.ActiveCfg = Release|Any CPU
		{D1504F9B-E3D3-4DF2-B532-150DD042EC9B}.Release|Any CPU.Build.0 = Release|Any CPU
	EndGlobalSection
	GlobalSection(SolutionProperties) = preSolution
		HideSolutionNode = FALSE
	EndGlobalSection
	GlobalSection(NestedProjects) = preSolution
		{D1504F9B-E3D3-4DF2-B532-150DD042EC9B} = {39E68E1D-7560-42B6-87CF-A3D5B38EE475}
	EndGlobalSection
EndGlobal
